
Microsoft Visual Studio Solution File, Format Version 12.00
# Visual Studio Version 16
VisualStudioVersion = 16.0.29728.190
MinimumVisualStudioVersion = 10.0.40219.1
Project("{FAE04EC0-301F-11D3-BF4B-00C04F79EFBC}") = "WebApplication1", "WebApplication1\WebApplication1.csproj", "{D7DD0DBC-70DC-4171-91F6-B8A6ACBBE525}"
EndProject
Global
	GlobalSection(SolutionConfigurationPlatforms) = preSolution
		Debug|Any CPU = Debug|Any CPU
		Release|Any CPU = Release|Any CPU
	EndGlobalSection
	GlobalSection(ProjectConfigurationPlatforms) = postSolution
		{D7DD0DBC-70DC-4171-91F6-B8A6ACBBE525}.Debug|Any CPU.ActiveCfg = Debug|Any CPU
		{D7DD0DBC-70DC-4171-91F6-B8A6ACBBE525}.Debug|Any CPU.Build.0 = Debug|Any CPU
		{D7DD0DBC-70DC-4171-91F6-B8A6ACBBE525}.Release|Any CPU.ActiveCfg = Release|Any CPU
		{D7DD0DBC-70DC-4171-91F6-B8A6ACBBE525}.Release|Any CPU.Build.0 = Release|Any CPU
	EndGlobalSection
	GlobalSection(SolutionProperties) = preSolution
		HideSolutionNode = FALSE
	EndGlobalSection
	GlobalSection(ExtensibilityGlobals) = postSolution
		SolutionGuid = {6074BB36-CE0D-4AE3-8A83-EA2CA253F641}
	EndGlobalSection
EndGlobal
